
Microsoft Visual Studio Solution File, Format Version 12.00
# Visual Studio Version 16
VisualStudioVersion = 16.0.31005.135
MinimumVisualStudioVersion = 10.0.40219.1
Project("{FAE04EC0-301F-11D3-BF4B-00C04F79EFBC}") = "StockManagement", "StockManagement\StockManagement.csproj", "{D0C89C97-0851-45BC-BF37-0B2049562D25}"
EndProject
Global
	GlobalSection(SolutionConfigurationPlatforms) = preSolution
		Debug|Any CPU = Debug|Any CPU
		Release|Any CPU = Release|Any CPU
	EndGlobalSection
	GlobalSection(ProjectConfigurationPlatforms) = postSolution
		{D0C89C97-0851-45BC-BF37-0B2049562D25}.Debug|Any CPU.ActiveCfg = Debug|Any CPU
		{D0C89C97-0851-45BC-BF37-0B2049562D25}.Debug|Any CPU.Build.0 = Debug|Any CPU
		{D0C89C97-0851-45BC-BF37-0B2049562D25}.Release|Any CPU.ActiveCfg = Release|Any CPU
		{D0C89C97-0851-45BC-BF37-0B2049562D25}.Release|Any CPU.Build.0 = Release|Any CPU
	EndGlobalSection
	GlobalSection(SolutionProperties) = preSolution
		HideSolutionNode = FALSE
	EndGlobalSection
	GlobalSection(ExtensibilityGlobals) = postSolution
		SolutionGuid = {AAC6A430-3FEF-4E43-8F80-1B73A2023F73}
	EndGlobalSection
EndGlobal
